Microsoft Visual Studio Solution File, Format Version 12.00
# Visual Studio Version 17
VisualStudioVersion = 17.0.31710.8
MinimumVisualStudioVersion = 10.0.40219.1
Project("{9A19103F-16F7-4668-BE54-9A1E7A4F7556}") = "MVCUserInterface", "MVCUserInterface\MVCUserInterface.csproj", "{11F9418E-3023-4F20-85AB-3C9534087473}"
EndProject
Project("{9A19103F-16F7-4668-BE54-9A1E7A4F7556}") = "Domain", "Domain\Domain.csproj", "{8A30E461-1AC1-40A4-BA16-27D3C2713C20}"
EndProject
Project("{9A19103F-16F7-4668-BE54-9A1E7A4F7556}") = "DataAccessObject", "DataAccessObject\DataAccessObject.csproj", "{142EBEC9-25DE-47A1-93C2-D4D82B2E3A21}"
EndProject
Project("{9A19103F-16F7-4668-BE54-9A1E7A4F7556}") = "Services", "Services\Services.csproj", "{B008FAC6-6B34-4A6C-98D0-519BEEF6B4DB}"
EndProject
Project("{9A19103F-16F7-4668-BE54-9A1E7A4F7556}") = "Shared", "Shared\Shared.csproj", "{485D5EB8-EC43-458E-8754-550E47B0A50A}"
EndProject
Project("{9A19103F-16F7-4668-BE54-9A1E7A4F7556}") = "AnnotationValidator", "AnnotationValidator\AnnotationValidator.csproj", "{6A06D8D1-5C62-4202-B7C9-59F1DBD15D8A}"
EndProject
Project("{FAE04EC0-301F-11D3-BF4B-00C04F79EFBC}") = "WebRankingML", "WebRankingML\WebRankingML.csproj", "{4F84D892-D1EA-400E-8BB7-D0768BBE6AC8}"
EndProject
Global
	GlobalSection(SolutionConfigurationPlatforms) = preSolution
		Debug|Any CPU = Debug|Any CPU
		Release|Any CPU = Release|Any CPU
	EndGlobalSection
	GlobalSection(ProjectConfigurationPlatforms) = postSolution
		{11F9418E-3023-4F20-85AB-3C9534087473}.Debug|Any CPU.ActiveCfg = Debug|Any CPU
		{11F9418E-3023-4F20-85AB-3C9534087473}.Debug|Any CPU.Build.0 = Debug|Any CPU
		{11F9418E-3023-4F20-85AB-3C9534087473}.Release|Any CPU.ActiveCfg = Release|Any CPU
		{11F9418E-3023-4F20-85AB-3C9534087473}.Release|Any CPU.Build.0 = Release|Any CPU
		{8A30E461-1AC1-40A4-BA16-27D3C2713C20}.Debug|Any CPU.ActiveCfg = Debug|Any CPU
		{8A30E461-1AC1-40A4-BA16-27D3C2713C20}.Debug|Any CPU.Build.0 = Debug|Any CPU
		{8A30E461-1AC1-40A4-BA16-27D3C2713C20}.Release|Any CPU.ActiveCfg = Release|Any CPU
		{8A30E461-1AC1-40A4-BA16-27D3C2713C20}.Release|Any CPU.Build.0 = Release|Any CPU
		{142EBEC9-25DE-47A1-93C2-D4D82B2E3A21}.Debug|Any CPU.ActiveCfg = Debug|Any CPU
		{142EBEC9-25DE-47A1-93C2-D4D82B2E3A21}.Debug|Any CPU.Build.0 = Debug|Any CPU
		{142EBEC9-25DE-47A1-93C2-D4D82B2E3A21}.Release|Any CPU.ActiveCfg = Release|Any CPU
		{142EBEC9-25DE-47A1-93C2-D4D82B2E3A21}.Release|Any CPU.Build.0 = Release|Any CPU
		{B008FAC6-6B34-4A6C-98D0-519BEEF6B4DB}.Debug|Any CPU.ActiveCfg = Debug|Any CPU
		{B008FAC6-6B34-4A6C-98D0-519BEEF6B4DB}.Debug|Any CPU.Build.0 = Debug|Any CPU
		{B008FAC6-6B34-4A6C-98D0-519BEEF6B4DB}.Release|Any CPU.ActiveCfg = Release|Any CPU
		{B008FAC6-6B34-4A6C-98D0-519BEEF6B4DB}.Release|Any CPU.Build.0 = Release|Any CPU
		{485D5EB8-EC43-458E-8754-550E47B0A50A}.Debug|Any CPU.ActiveCfg = Debug|Any CPU
		{485D5EB8-EC43-458E-8754-550E47B0A50A}.Debug|Any CPU.Build.0 = Debug|Any CPU
		{485D5EB8-EC43-458E-8754-550E47B0A50A}.Release|Any CPU.ActiveCfg = Release|Any CPU
		{485D5EB8-EC43-458E-8754-550E47B0A50A}.Release|Any CPU.Build.0 = Release|Any CPU
		{6A06D8D1-5C62-4202-B7C9-59F1DBD15D8A}.Debug|Any CPU.ActiveCfg = Debug|Any CPU
		{6A06D8D1-5C62-4202-B7C9-59F1DBD15D8A}.Debug|Any CPU.Build.0 = Debug|Any CPU
		{6A06D8D1-5C62-4202-B7C9-59F1DBD15D8A}.Release|Any CPU.ActiveCfg = Release|Any CPU
		{6A06D8D1-5C62-4202-B7C9-59F1DBD15D8A}.Release|Any CPU.Build.0 = Release|Any CPU
		{4F84D892-D1EA-400E-8BB7-D0768BBE6AC8}.Debug|Any CPU.ActiveCfg = Debug|Any CPU
		{4F84D892-D1EA-400E-8BB7-D0768BBE6AC8}.Debug|Any CPU.Build.0 = Debug|Any CPU
		{4F84D892-D1EA-400E-8BB7-D0768BBE6AC8}.Release|Any CPU.ActiveCfg = Release|Any CPU
		{4F84D892-D1EA-400E-8BB7-D0768BBE6AC8}.Release|Any CPU.Build.0 = Release|Any CPU
	EndGlobalSection
	GlobalSection(SolutionProperties) = preSolution
		HideSolutionNode = FALSE
	EndGlobalSection
	GlobalSection(ExtensibilityGlobals) = postSolution
		SolutionGuid = {AC4B8286-E416-470D-A58D-5613BC6799AA}
	EndGlobalSection
EndGlobal
